
Microsoft Visual Studio Solution File, Format Version 12.00
Project("{8BC9CEB8-8B4A-11D0-8D11-00A0C91BC942}") = "CafeBookingSystem", "CafeBookingSystem\CafeBookingSystem.vcxproj", "{416068D5-0BC0-4301-BBFC-4CC1E992C928}"
EndProject
Global
	GlobalSection(SolutionConfigurationPlatforms) = preSolution
		Debug|Any CPU = Debug|Any CPU
		Release|Any CPU = Release|Any CPU
	EndGlobalSection
	GlobalSection(ProjectConfigurationPlatforms) = postSolution
		{416068D5-0BC0-4301-BBFC-4CC1E992C928}.Debug|Any CPU.ActiveCfg = Debug|Win32
		{416068D5-0BC0-4301-BBFC-4CC1E992C928}.Debug|Any CPU.Build.0 = Debug|Win32
		{416068D5-0BC0-4301-BBFC-4CC1E992C928}.Release|Any CPU.ActiveCfg = Release|Win32
		{416068D5-0BC0-4301-BBFC-4CC1E992C928}.Release|Any CPU.Build.0 = Release|Win32
	EndGlobalSection
EndGlobal
